# THIS IS AN AUTOGENERATED FILE. DO NOT EDIT THIS FILE DIRECTLY.
# yarn lockfile v1


eslint-define-config@^1.20.0:
  version "1.20.0"
  resolved "https://registry.yarnpkg.com/eslint-define-config/-/eslint-define-config-1.20.0.tgz#03881929aea6148660f843cc05c5b9b08c08b2d1"
  integrity sha512-JLhyTcY5eOUGXoPP4Ldnf1TMOllRt4vbvuAtkwq+ugU0JGDqosdRLYWMtn9NjYAd9rApR5EcItdSmpY6FsILew==
