# THIS IS AN AUTOGENERATED FILE. DO NOT EDIT THIS FILE DIRECTLY.
# yarn lockfile v1


eslint-define-config@^1.20.0:
  version "1.20.0"
  resolved "https://registry.yarnpkg.com/eslint-define-config/-/eslint-define-config-1.20.0.tgz#03881929aea6148660f843cc05c5b9b08c08b2d1"
  integrity sha512-JLhyTcY5eOUGXoPP4Ldnf1TMOllRt4vbvuAtkwq+ugU0JGDqosdRLYWMtn9NjYAd9rApR5EcItdSmpY6FsILew==

prettier@^2.8.8:
  version "2.8.8"
  resolved "https://registry.yarnpkg.com/prettier/-/prettier-2.8.8.tgz#e8c5d7e98a4305ffe3de2e1fc4aca1a71c28b1da"
  integrity sha512-tdN8qQGvNjw4CHbY+XXk0JgCXn9QiF21a55rBe5LJAU+kDyC4WQn4+awm2Xfk2lQMk5fKup9XgzTZtGkjBdP9Q==
